{
  "name": "example",
  "version": "0.0.1",
  "lockfileVersion": 3,
  "requires": true,
  "packages": {
    "": {
      "name": "example",
      "version": "0.0.1",
      "license": "MIT",
      "dependencies": {
        "@ponchopay/pp-nodejs": "file:../"
      }
    },
    "..": {
      "name": "@ponchopay/pp-nodejs",
      "version": "1.1.0",
      "license": "MIT",
      "dependencies": {
        "jose": "^6.0.10",
        "node-fetch": "^3.3.2"
      },
      "devDependencies": {
        "@types/node": "^20.6.0",
        "@typescript-eslint/eslint-plugin": "^6.7.0",
        "@typescript-eslint/parser": "^6.7.0",
        "eslint": "^8.49.0",
        "eslint-config-prettier": "^9.0.0",
        "isomorphic-fetch": "^3.0.0",
        "prettier": "^3.0.3",
        "rimraf": "^5.0.1",
        "typescript": "^5.2.2",
        "vitest": "^0.34.4"
      }
    },
    "node_modules/@ponchopay/pp-nodejs": {
      "resolved": "..",
      "link": true
    }
  }
}
